{
  "lockfileVersion": 1,
  "configVersion": 0,
  "workspaces": {
    "": {
      "name": "travik",
      "devDependencies": {
        "@types/bun": "latest",
      },
      "peerDependencies": {
        "typescript": "^5",
      },
    },
  },
  "packages": {
    "@types/bun": ["@types/bun@1.3.11", "", { "dependencies": { "bun-types": "1.3.11" } }, "sha512-5vPne5QvtpjGpsGYXiFyycfpDF2ECyPcTSsFBMa0fraoxiQyMJ3SmuQIGhzPg2WJuWxVBoxWJ2kClYTcw/4fAg=="],

    "@types/node": ["@types/node@25.5.0", "", { "dependencies": { "undici-types": "~7.18.0" } }, ""],

    "bun-types": ["bun-types@1.3.11", "", { "dependencies": { "@types/node": "*" } }, ""],

    "typescript": ["typescript@5.9.3", "", { "bin": { "tsc": "bin/tsc", "tsserver": "bin/tsserver" } }, ""],

    "undici-types": ["undici-types@7.18.2", "", {}, ""],
  }
}
